version = 1
revision = 3
requires-python = ">=3.11"

[[package]]
name = "click"
version = "8.3.1"
source = { registry = "https://pypi.org/simple" }
dependencies = [
    { name = "colorama", marker = "sys_platform == 'win32'" },
]
sdist = { url = "https://files.pythonhosted.org/packages/3d/fa/656b739db8587d7b5dfa22e22ed02566950fbfbcdc20311993483657a5c0/click-8.3.1.tar.gz", hash = "sha256:12ff4785d337a1bb490bb7e9c2b1ee5da3112e94a8622f26a6c77f5d2fc6842a", size = 295065, upload-time = "2025-11-15T20:45:42.706Z" }
wheels = [
    { url = "https://files.pythonhosted.org/packages/98/78/01c019cdb5d6498122777c1a43056ebb3ebfeef2076d9d026bfe15583b2b/click-8.3.1-py3-none-any.whl", hash = "sha256:981153a64e25f12d547d3426c367a4857371575ee7ad18df2a6183ab0545b2a6", size = 108274, upload-time = "2025-11-15T20:45:41.139Z" },
]

[[package]]
name = "colorama"
version = "0.4.6"
source = { registry = "https://pypi.org/simple" }
sdist = { url = "https://files.pythonhosted.org/packages/d8/53/6f443c9a4a8358a93a6792e2acffb9d9d5cb0a5cfd8802644b7b1c9a02e4/colorama-0.4.6.tar.gz", hash = "sha256:08695f5cb7ed6e0531a20572697297273c47b8cae5a63ffc6d6ed5c201be6e44", size = 27697, upload-time = "2022-10-25T02:36:22.414Z" }
wheels = [
    { url = "https://files.pythonhosted.org/packages/d1/d6/3965ed04c63042e047cb6a3e6ed1a63a35087b6a609aa3a15ed8ac56c221/colorama-0.4.6-py2.py3-none-any.whl", hash = "sha256:4f1d9991f5acc0ca119f9d443620b77f9d6b33703e51011c16baf57afb285fc6", size = 25335, upload-time = "2022-10-25T02:36:20.889Z" },
]

[[package]]
name = "messages-cli"
version = "0.1.0"
source = { editable = "." }
dependencies = [
    { name = "click" },
    { name = "phonenumbers" },
]

[package.metadata]
requires-dist = [
    { name = "click", specifier = ">=8.1" },
    { name = "phonenumbers", specifier = ">=8.13" },
]

[[package]]
name = "phonenumbers"
version = "9.0.25"
source = { registry = "https://pypi.org/simple" }
sdist = { url = "https://files.pythonhosted.org/packages/2f/13/c1310103d1a8c61486bd507aafd864252927e8ea2c3133459ddabd23ec34/phonenumbers-9.0.25.tar.gz", hash = "sha256:a5f236fa384c6a77378d7836c8e486ade5f984ad2e8e6cc0dbe5124315cdc81b", size = 2298295, upload-time = "2026-02-26T10:24:47.372Z" }
wheels = [
    { url = "https://files.pythonhosted.org/packages/29/03/c6e12d36b307cdf8d886f1471de2dc95d807b331465fa828ec7fb4830594/phonenumbers-9.0.25-py2.py3-none-any.whl", hash = "sha256:b1fd6c20d588f5bcd40af3899d727a9f536364211ec6eac554fcd75ca58992a3", size = 2584287, upload-time = "2026-02-26T10:24:44.58Z" },
]
